// !$*UTF8*$!
{
	archiveVersion = 1;
	classes = {
	};
	objectVersion = 56;
	objects = {

/* Begin PBXBuildFile section */
		75E156082B99367200AFD335 /* ErthCourse.cpp in Sources */ = {isa = PBXBuildFile; fileRef = 75E155D62B992D7000AFD335 /* ErthCourse.cpp */; };
		75E156092B99367200AFD335 /* HlthCourse.cpp in Sources */ = {isa = PBXBuildFile; fileRef = 75E155D72B992D7000AFD335 /* HlthCourse.cpp */; };
		75E1560A2B99367200AFD335 /* Program.cpp in Sources */ = {isa = PBXBuildFile; fileRef = 75E155D92B992D7000AFD335 /* Program.cpp */; };
		75E1560C2B99367200AFD335 /* Course.cpp in Sources */ = {isa = PBXBuildFile; fileRef = 75E155B12B990D8300AFD335 /* Course.cpp */; };
		75E1560D2B99367200AFD335 /* Elective.cpp in Sources */ = {isa = PBXBuildFile; fileRef = 75E155B62B990D8300AFD335 /* Elective.cpp */; };
		75E1560E2B99367200AFD335 /* Student.cpp in Sources */ = {isa = PBXBuildFile; fileRef = 75E155B32B990D8300AFD335 /* Student.cpp */; };
		75E1560F2B99367200AFD335 /* University.cpp in Sources */ = {isa = PBXBuildFile; fileRef = 75E155B92B990D8300AFD335 /* University.cpp */; };
		75E156102B99367200AFD335 /* main.cpp in Sources */ = {isa = PBXBuildFile; fileRef = 752CE4F62B93AE2900928816 /* main.cpp */; };
		75E156112B99392500AFD335 /* CompCourse.cpp in Sources */ = {isa = PBXBuildFile; fileRef = 75E155B22B990D8300AFD335 /* CompCourse.cpp */; };
/* End PBXBuildFile section */

/* Begin PBXCopyFilesBuildPhase section */
		752CE4F12B93AE2900928816 /* CopyFiles */ = {
			isa = PBXCopyFilesBuildPhase;
			buildActionMask = 2147483647;
			dstPath = /usr/share/man/man1/;
			dstSubfolderSpec = 0;
			files = (
			);
			runOnlyForDeploymentPostprocessing = 1;
		};
/* End PBXCopyFilesBuildPhase section */

/* Begin PBXFileReference section */
		752CE4F32B93AE2900928816 /* Cplusplus */ = {isa = PBXFileReference; explicitFileType = "compiled.mach-o.executable"; includeInIndex = 0; path = Cplusplus; sourceTree = BUILT_PRODUCTS_DIR; };
		752CE4F62B93AE2900928816 /* main.cpp */ = {isa = PBXFileReference; lastKnownFileType = sourcecode.cpp.cpp; path = main.cpp; sourceTree = "<group>"; };
		75E155B12B990D8300AFD335 /* Course.cpp */ = {isa = PBXFileReference; lastKnownFileType = sourcecode.cpp.cpp; name = Course.cpp; path = Cplusplus/Course.cpp; sourceTree = "<group>"; };
		75E155B22B990D8300AFD335 /* CompCourse.cpp */ = {isa = PBXFileReference; lastKnownFileType = sourcecode.cpp.cpp; name = CompCourse.cpp; path = Cplusplus/CompCourse.cpp; sourceTree = "<group>"; };
		75E155B32B990D8300AFD335 /* Student.cpp */ = {isa = PBXFileReference; lastKnownFileType = sourcecode.cpp.cpp; name = Student.cpp; path = Cplusplus/Student.cpp; sourceTree = "<group>"; };
		75E155B42B990D8300AFD335 /* Course.hpp */ = {isa = PBXFileReference; lastKnownFileType = sourcecode.cpp.h; name = Course.hpp; path = Cplusplus/Course.hpp; sourceTree = "<group>"; };
		75E155B62B990D8300AFD335 /* Elective.cpp */ = {isa = PBXFileReference; lastKnownFileType = sourcecode.cpp.cpp; name = Elective.cpp; path = Cplusplus/Elective.cpp; sourceTree = "<group>"; };
		75E155B72B990D8300AFD335 /* Student.hpp */ = {isa = PBXFileReference; lastKnownFileType = sourcecode.cpp.h; name = Student.hpp; path = Cplusplus/Student.hpp; sourceTree = "<group>"; };
		75E155B82B990D8300AFD335 /* CompCourse.hpp */ = {isa = PBXFileReference; lastKnownFileType = sourcecode.cpp.h; name = CompCourse.hpp; path = Cplusplus/CompCourse.hpp; sourceTree = "<group>"; };
		75E155B92B990D8300AFD335 /* University.cpp */ = {isa = PBXFileReference; lastKnownFileType = sourcecode.cpp.cpp; name = University.cpp; path = Cplusplus/University.cpp; sourceTree = "<group>"; };
		75E155BA2B990D8300AFD335 /* University.hpp */ = {isa = PBXFileReference; lastKnownFileType = sourcecode.cpp.h; name = University.hpp; path = Cplusplus/University.hpp; sourceTree = "<group>"; };
		75E155D42B992D6F00AFD335 /* Program.hpp */ = {isa = PBXFileReference; lastKnownFileType = sourcecode.cpp.h; name = Program.hpp; path = Cplusplus/Program.hpp; sourceTree = "<group>"; };
		75E155D52B992D7000AFD335 /* ErthCourse.hpp */ = {isa = PBXFileReference; lastKnownFileType = sourcecode.cpp.h; name = ErthCourse.hpp; path = Cplusplus/ErthCourse.hpp; sourceTree = "<group>"; };
		75E155D62B992D7000AFD335 /* ErthCourse.cpp */ = {isa = PBXFileReference; lastKnownFileType = sourcecode.cpp.cpp; name = ErthCourse.cpp; path = Cplusplus/ErthCourse.cpp; sourceTree = "<group>"; };
		75E155D72B992D7000AFD335 /* HlthCourse.cpp */ = {isa = PBXFileReference; lastKnownFileType = sourcecode.cpp.cpp; name = HlthCourse.cpp; path = Cplusplus/HlthCourse.cpp; sourceTree = "<group>"; };
		75E155D92B992D7000AFD335 /* Program.cpp */ = {isa = PBXFileReference; lastKnownFileType = sourcecode.cpp.cpp; name = Program.cpp; path = Cplusplus/Program.cpp; sourceTree = "<group>"; };
		75E155DB2B992D7000AFD335 /* HlthCourse.hpp */ = {isa = PBXFileReference; lastKnownFileType = sourcecode.cpp.h; name = HlthCourse.hpp; path = Cplusplus/HlthCourse.hpp; sourceTree = "<group>"; };
		75E155ED2B99312900AFD335 /* Elective.hpp */ = {isa = PBXFileReference; lastKnownFileType = sourcecode.cpp.h; name = Elective.hpp; path = Cplusplus/Elective.hpp; sourceTree = "<group>"; };
/* End PBXFileReference section */

/* Begin PBXFrameworksBuildPhase section */
		752CE4F02B93AE2900928816 /* Frameworks */ = {
			isa = PBXFrameworksBuildPhase;
			buildActionMask = 2147483647;
			files = (
			);
			runOnlyForDeploymentPostprocessing = 0;
		};
/* End PBXFrameworksBuildPhase section */

/* Begin PBXGroup section */
		752CE4EA2B93AE2900928816 = {
			isa = PBXGroup;
			children = (
				75E155D62B992D7000AFD335 /* ErthCourse.cpp */,
				75E155D52B992D7000AFD335 /* ErthCourse.hpp */,
				75E155D72B992D7000AFD335 /* HlthCourse.cpp */,
				75E155DB2B992D7000AFD335 /* HlthCourse.hpp */,
				75E155D92B992D7000AFD335 /* Program.cpp */,
				75E155D42B992D6F00AFD335 /* Program.hpp */,
				75E155B22B990D8300AFD335 /* CompCourse.cpp */,
				75E155B82B990D8300AFD335 /* CompCourse.hpp */,
				75E155B12B990D8300AFD335 /* Course.cpp */,
				75E155B42B990D8300AFD335 /* Course.hpp */,
				75E155B62B990D8300AFD335 /* Elective.cpp */,
				75E155ED2B99312900AFD335 /* Elective.hpp */,
				75E155B32B990D8300AFD335 /* Student.cpp */,
				75E155B72B990D8300AFD335 /* Student.hpp */,
				75E155B92B990D8300AFD335 /* University.cpp */,
				75E155BA2B990D8300AFD335 /* University.hpp */,
				752CE4F52B93AE2900928816 /* Cplusplus */,
				752CE4F42B93AE2900928816 /* Products */,
			);
			sourceTree = "<group>";
		};
		752CE4F42B93AE2900928816 /* Products */ = {
			isa = PBXGroup;
			children = (
				752CE4F32B93AE2900928816 /* Cplusplus */,
			);
			name = Products;
			sourceTree = "<group>";
		};
		752CE4F52B93AE2900928816 /* Cplusplus */ = {
			isa = PBXGroup;
			children = (
				752CE4F62B93AE2900928816 /* main.cpp */,
			);
			path = Cplusplus;
			sourceTree = "<group>";
		};
/* End PBXGroup section */

/* Begin PBXNativeTarget section */
		752CE4F22B93AE2900928816 /* Cplusplus */ = {
			isa = PBXNativeTarget;
			buildConfigurationList = 752CE4FA2B93AE2900928816 /* Build configuration list for PBXNativeTarget "Cplusplus" */;
			buildPhases = (
				752CE4EF2B93AE2900928816 /* Sources */,
				752CE4F02B93AE2900928816 /* Frameworks */,
				752CE4F12B93AE2900928816 /* CopyFiles */,
			);
			buildRules = (
			);
			dependencies = (
			);
			name = Cplusplus;
			productName = Cplusplus;
			productReference = 752CE4F32B93AE2900928816 /* Cplusplus */;
			productType = "com.apple.product-type.tool";
		};
/* End PBXNativeTarget section */

/* Begin PBXProject section */
		752CE4EB2B93AE2900928816 /* Project object */ = {
			isa = PBXProject;
			attributes = {
				BuildIndependentTargetsInParallel = 1;
				LastUpgradeCheck = 1520;
				TargetAttributes = {
					752CE4F22B93AE2900928816 = {
						CreatedOnToolsVersion = 15.2;
					};
				};
			};
			buildConfigurationList = 752CE4EE2B93AE2900928816 /* Build configuration list for PBXProject "Cplusplus" */;
			compatibilityVersion = "Xcode 14.0";
			developmentRegion = en;
			hasScannedForEncodings = 0;
			knownRegions = (
				en,
				Base,
			);
			mainGroup = 752CE4EA2B93AE2900928816;
			productRefGroup = 752CE4F42B93AE2900928816 /* Products */;
			projectDirPath = "";
			projectRoot = "";
			targets = (
				752CE4F22B93AE2900928816 /* Cplusplus */,
			);
		};
/* End PBXProject section */

/* Begin PBXSourcesBuildPhase section */
		752CE4EF2B93AE2900928816 /* Sources */ = {
			isa = PBXSourcesBuildPhase;
			buildActionMask = 2147483647;
			files = (
				75E156112B99392500AFD335 /* CompCourse.cpp in Sources */,
				75E156082B99367200AFD335 /* ErthCourse.cpp in Sources */,
				75E156092B99367200AFD335 /* HlthCourse.cpp in Sources */,
				75E1560A2B99367200AFD335 /* Program.cpp in Sources */,
				75E1560C2B99367200AFD335 /* Course.cpp in Sources */,
				75E1560D2B99367200AFD335 /* Elective.cpp in Sources */,
				75E1560E2B99367200AFD335 /* Student.cpp in Sources */,
				75E1560F2B99367200AFD335 /* University.cpp in Sources */,
				75E156102B99367200AFD335 /* main.cpp in Sources */,
			);
			runOnlyForDeploymentPostprocessing = 0;
		};
/* End PBXSourcesBuildPhase section */

/* Begin XCBuildConfiguration section */
		752CE4F82B93AE2900928816 /* Debug */ = {
			isa = XCBuildConfiguration;
			buildSettings = {
				ALWAYS_SEARCH_USER_PATHS = NO;
				ASSETCATALOG_COMPILER_GENERATE_SWIFT_ASSET_SYMBOL_EXTENSIONS = YES;
				CLANG_ANALYZER_NONNULL = YES;
				CLANG_ANALYZER_NUMBER_OBJECT_CONVERSION = YES_AGGRESSIVE;
				CLANG_CXX_LANGUAGE_STANDARD = "gnu++20";
				CLANG_ENABLE_MODULES = YES;
				CLANG_ENABLE_OBJC_ARC = YES;
				CLANG_ENABLE_OBJC_WEAK = YES;
				CLANG_WARN_BLOCK_CAPTURE_AUTORELEASING = YES;
				CLANG_WARN_BOOL_CONVERSION = YES;
				CLANG_WARN_COMMA = YES;
				CLANG_WARN_CONSTANT_CONVERSION = YES;
				CLANG_WARN_DEPRECATED_OBJC_IMPLEMENTATIONS = YES;
				CLANG_WARN_DIRECT_OBJC_ISA_USAGE = YES_ERROR;
				CLANG_WARN_DOCUMENTATION_COMMENTS = YES;
				CLANG_WARN_EMPTY_BODY = YES;
				CLANG_WARN_ENUM_CONVERSION = YES;
				CLANG_WARN_INFINITE_RECURSION = YES;
				CLANG_WARN_INT_CONVERSION = YES;
				CLANG_WARN_NON_LITERAL_NULL_CONVERSION = YES;
				CLANG_WARN_OBJC_IMPLICIT_RETAIN_SELF = YES;
				CLANG_WARN_OBJC_LITERAL_CONVERSION = YES;
				CLANG_WARN_OBJC_ROOT_CLASS = YES_ERROR;
				CLANG_WARN_QUOTED_INCLUDE_IN_FRAMEWORK_HEADER = YES;
				CLANG_WARN_RANGE_LOOP_ANALYSIS = YES;
				CLANG_WARN_STRICT_PROTOTYPES = YES;
				CLANG_WARN_SUSPICIOUS_MOVE = YES;
				CLANG_WARN_UNGUARDED_AVAILABILITY = YES_AGGRESSIVE;
				CLANG_WARN_UNREACHABLE_CODE = YES;
				CLANG_WARN__DUPLICATE_METHOD_MATCH = YES;
				COPY_PHASE_STRIP = NO;
				DEBUG_INFORMATION_FORMAT = dwarf;
				ENABLE_STRICT_OBJC_MSGSEND = YES;
				ENABLE_TESTABILITY = YES;
				ENABLE_USER_SCRIPT_SANDBOXING = YES;
				GCC_C_LANGUAGE_STANDARD = gnu17;
				GCC_DYNAMIC_NO_PIC = NO;
				GCC_NO_COMMON_BLOCKS = YES;
				GCC_OPTIMIZATION_LEVEL = 0;
				GCC_PREPROCESSOR_DEFINITIONS = (
					"DEBUG=1",
					"$(inherited)",
				);
				GCC_WARN_64_TO_32_BIT_CONVERSION = YES;
				GCC_WARN_ABOUT_RETURN_TYPE = YES_ERROR;
				GCC_WARN_UNDECLARED_SELECTOR = YES;
				GCC_WARN_UNINITIALIZED_AUTOS = YES_AGGRESSIVE;
				GCC_WARN_UNUSED_FUNCTION = YES;
				GCC_WARN_UNUSED_VARIABLE = YES;
				LOCALIZATION_PREFERS_STRING_CATALOGS = YES;
				MACOSX_DEPLOYMENT_TARGET = 14.2;
				MTL_ENABLE_DEBUG_INFO = INCLUDE_SOURCE;
				MTL_FAST_MATH = YES;
				ONLY_ACTIVE_ARCH = YES;
				SDKROOT = macosx;
			};
			name = Debug;
		};
		752CE4F92B93AE2900928816 /* Release */ = {
			isa = XCBuildConfiguration;
			buildSettings = {
				ALWAYS_SEARCH_USER_PATHS = NO;
				ASSETCATALOG_COMPILER_GENERATE_SWIFT_ASSET_SYMBOL_EXTENSIONS = YES;
				CLANG_ANALYZER_NONNULL = YES;
				CLANG_ANALYZER_NUMBER_OBJECT_CONVERSION = YES_AGGRESSIVE;
				CLANG_CXX_LANGUAGE_STANDARD = "gnu++20";
				CLANG_ENABLE_MODULES = YES;
				CLANG_ENABLE_OBJC_ARC = YES;
				CLANG_ENABLE_OBJC_WEAK = YES;
				CLANG_WARN_BLOCK_CAPTURE_AUTORELEASING = YES;
				CLANG_WARN_BOOL_CONVERSION = YES;
				CLANG_WARN_COMMA = YES;
				CLANG_WARN_CONSTANT_CONVERSION = YES;
				CLANG_WARN_DEPRECATED_OBJC_IMPLEMENTATIONS = YES;
				CLANG_WARN_DIRECT_OBJC_ISA_USAGE = YES_ERROR;
				CLANG_WARN_DOCUMENTATION_COMMENTS = YES;
				CLANG_WARN_EMPTY_BODY = YES;
				CLANG_WARN_ENUM_CONVERSION = YES;
				CLANG_WARN_INFINITE_RECURSION = YES;
				CLANG_WARN_INT_CONVERSION = YES;
				CLANG_WARN_NON_LITERAL_NULL_CONVERSION = YES;
				CLANG_WARN_OBJC_IMPLICIT_RETAIN_SELF = YES;
				CLANG_WARN_OBJC_LITERAL_CONVERSION = YES;
				CLANG_WARN_OBJC_ROOT_CLASS = YES_ERROR;
				CLANG_WARN_QUOTED_INCLUDE_IN_FRAMEWORK_HEADER = YES;
				CLANG_WARN_RANGE_LOOP_ANALYSIS = YES;
				CLANG_WARN_STRICT_PROTOTYPES = YES;
				CLANG_WARN_SUSPICIOUS_MOVE = YES;
				CLANG_WARN_UNGUARDED_AVAILABILITY = YES_AGGRESSIVE;
				CLANG_WARN_UNREACHABLE_CODE = YES;
				CLANG_WARN__DUPLICATE_METHOD_MATCH = YES;
				COPY_PHASE_STRIP = NO;
				DEBUG_INFORMATION_FORMAT = "dwarf-with-dsym";
				ENABLE_NS_ASSERTIONS = NO;
				ENABLE_STRICT_OBJC_MSGSEND = YES;
				ENABLE_USER_SCRIPT_SANDBOXING = YES;
				GCC_C_LANGUAGE_STANDARD = gnu17;
				GCC_NO_COMMON_BLOCKS = YES;
				GCC_WARN_64_TO_32_BIT_CONVERSION = YES;
				GCC_WARN_ABOUT_RETURN_TYPE = YES_ERROR;
				GCC_WARN_UNDECLARED_SELECTOR = YES;
				GCC_WARN_UNINITIALIZED_AUTOS = YES_AGGRESSIVE;
				GCC_WARN_UNUSED_FUNCTION = YES;
				GCC_WARN_UNUSED_VARIABLE = YES;
				LOCALIZATION_PREFERS_STRING_CATALOGS = YES;
				MACOSX_DEPLOYMENT_TARGET = 14.2;
				MTL_ENABLE_DEBUG_INFO = NO;
				MTL_FAST_MATH = YES;
				SDKROOT = macosx;
			};
			name = Release;
		};
		752CE4FB2B93AE2900928816 /* Debug */ = {
			isa = XCBuildConfiguration;
			buildSettings = {
				CODE_SIGN_STYLE = Automatic;
				PRODUCT_NAME = "$(TARGET_NAME)";
			};
			name = Debug;
		};
		752CE4FC2B93AE2900928816 /* Release */ = {
			isa = XCBuildConfiguration;
			buildSettings = {
				CODE_SIGN_STYLE = Automatic;
				PRODUCT_NAME = "$(TARGET_NAME)";
			};
			name = Release;
		};
/* End XCBuildConfiguration section */

/* Begin XCConfigurationList section */
		752CE4EE2B93AE2900928816 /* Build configuration list for PBXProject "Cplusplus" */ = {
			isa = XCConfigurationList;
			buildConfigurations = (
				752CE4F82B93AE2900928816 /* Debug */,
				752CE4F92B93AE2900928816 /* Release */,
			);
			defaultConfigurationIsVisible = 0;
			defaultConfigurationName = Release;
		};
		752CE4FA2B93AE2900928816 /* Build configuration list for PBXNativeTarget "Cplusplus" */ = {
			isa = XCConfigurationList;
			buildConfigurations = (
				752CE4FB2B93AE2900928816 /* Debug */,
				752CE4FC2B93AE2900928816 /* Release */,
			);
			defaultConfigurationIsVisible = 0;
			defaultConfigurationName = Release;
		};
/* End XCConfigurationList section */
	};
	rootObject = 752CE4EB2B93AE2900928816 /* Project object */;
}
